
Microsoft Visual Studio Solution File, Format Version 12.00
# Visual Studio 15
Project("{FAE04EC0-301F-11D3-BF4B-00C04F79EFBC}") = "AntiEmulator", "AntiEmulator\AntiEmulator.csproj", "{33F604DF-5BC4-4E67-907E-911D6EE3B6A5}"
EndProject
Project("{FAE04EC0-301F-11D3-BF4B-00C04F79EFBC}") = "AntiEmulatorTest", "AntiEmulatorTest\AntiEmulatorTest.csproj", "{2DA8AADF-73B2-4425-94FB-2A3179427428}"
EndProject
Global
	GlobalSection(SolutionConfigurationPlatforms) = preSolution
		Debug|Any CPU = Debug|Any CPU
		Release|Any CPU = Release|Any CPU
		Debug|iPhoneSimulator = Debug|iPhoneSimulator
		Release|iPhoneSimulator = Release|iPhoneSimulator
		Debug|iPhone = Debug|iPhone
		Release|iPhone = Release|iPhone
	EndGlobalSection
	GlobalSection(ProjectConfigurationPlatforms) = postSolution
		{33F604DF-5BC4-4E67-907E-911D6EE3B6A5}.Debug|Any CPU.ActiveCfg = Debug|Any CPU
		{33F604DF-5BC4-4E67-907E-911D6EE3B6A5}.Debug|Any CPU.Build.0 = Debug|Any CPU
		{33F604DF-5BC4-4E67-907E-911D6EE3B6A5}.Release|Any CPU.ActiveCfg = Release|Any CPU
		{33F604DF-5BC4-4E67-907E-911D6EE3B6A5}.Release|Any CPU.Build.0 = Release|Any CPU
		{33F604DF-5BC4-4E67-907E-911D6EE3B6A5}.Debug|iPhoneSimulator.ActiveCfg = Debug|Any CPU
		{33F604DF-5BC4-4E67-907E-911D6EE3B6A5}.Debug|iPhoneSimulator.Build.0 = Debug|Any CPU
		{33F604DF-5BC4-4E67-907E-911D6EE3B6A5}.Release|iPhoneSimulator.ActiveCfg = Release|Any CPU
		{33F604DF-5BC4-4E67-907E-911D6EE3B6A5}.Release|iPhoneSimulator.Build.0 = Release|Any CPU
		{33F604DF-5BC4-4E67-907E-911D6EE3B6A5}.Debug|iPhone.ActiveCfg = Debug|Any CPU
		{33F604DF-5BC4-4E67-907E-911D6EE3B6A5}.Debug|iPhone.Build.0 = Debug|Any CPU
		{33F604DF-5BC4-4E67-907E-911D6EE3B6A5}.Release|iPhone.ActiveCfg = Release|Any CPU
		{33F604DF-5BC4-4E67-907E-911D6EE3B6A5}.Release|iPhone.Build.0 = Release|Any CPU
		{2DA8AADF-73B2-4425-94FB-2A3179427428}.Debug|Any CPU.ActiveCfg = Debug|Any CPU
		{2DA8AADF-73B2-4425-94FB-2A3179427428}.Debug|Any CPU.Build.0 = Debug|Any CPU
		{2DA8AADF-73B2-4425-94FB-2A3179427428}.Release|Any CPU.ActiveCfg = Release|Any CPU
		{2DA8AADF-73B2-4425-94FB-2A3179427428}.Release|Any CPU.Build.0 = Release|Any CPU
		{2DA8AADF-73B2-4425-94FB-2A3179427428}.Debug|iPhoneSimulator.ActiveCfg = Debug|Any CPU
		{2DA8AADF-73B2-4425-94FB-2A3179427428}.Debug|iPhoneSimulator.Build.0 = Debug|Any CPU
		{2DA8AADF-73B2-4425-94FB-2A3179427428}.Release|iPhoneSimulator.ActiveCfg = Release|Any CPU
		{2DA8AADF-73B2-4425-94FB-2A3179427428}.Release|iPhoneSimulator.Build.0 = Release|Any CPU
		{2DA8AADF-73B2-4425-94FB-2A3179427428}.Debug|iPhone.ActiveCfg = Debug|Any CPU
		{2DA8AADF-73B2-4425-94FB-2A3179427428}.Debug|iPhone.Build.0 = Debug|Any CPU
		{2DA8AADF-73B2-4425-94FB-2A3179427428}.Release|iPhone.ActiveCfg = Release|Any CPU
		{2DA8AADF-73B2-4425-94FB-2A3179427428}.Release|iPhone.Build.0 = Release|Any CPU
	EndGlobalSection
EndGlobal
